// !$*UTF8*$!
{
	archiveVersion = 1;
	classes = {
	};
	objectVersion = 46;
	objects = {

/* Begin PBXBuildFile section */
		43734ED01D27D733004C5563 /* xianhua.png in Resources */ = {isa = PBXBuildFile; fileRef = 43734ECF1D27D733004C5563 /* xianhua.png */; };
		437416E71D19355F00D7212F /* main.m in Sources */ = {isa = PBXBuildFile; fileRef = 437416E61D19355F00D7212F /* main.m */; };
		437416EA1D19355F00D7212F /* AppDelegate.m in Sources */ = {isa = PBXBuildFile; fileRef = 437416E91D19355F00D7212F /* AppDelegate.m */; };
		437416ED1D19355F00D7212F /* ViewController.m in Sources */ = {isa = PBXBuildFile; fileRef = 437416EC1D19355F00D7212F /* ViewController.m */; };
		437416F01D19355F00D7212F /* Main.storyboard in Resources */ = {isa = PBXBuildFile; fileRef = 437416EE1D19355F00D7212F /* Main.storyboard */; };
		437416F21D19355F00D7212F /* Assets.xcassets in Resources */ = {isa = PBXBuildFile; fileRef = 437416F11D19355F00D7212F /* Assets.xcassets */; };
		437416F51D19355F00D7212F /* LaunchScreen.storyboard in Resources */ = {isa = PBXBuildFile; fileRef = 437416F31D19355F00D7212F /* LaunchScreen.storyboard */; };
		437417001D1935B600D7212F /* UIButton+LXMBlock.m in Sources */ = {isa = PBXBuildFile; fileRef = 437416FF1D1935B600D7212F /* UIButton+LXMBlock.m */; };
		437417031D1938A400D7212F /* UIBarButtonItem+LXMBlock.m in Sources */ = {isa = PBXBuildFile; fileRef = 437417021D1938A400D7212F /* UIBarButtonItem+LXMBlock.m */; };
		43BA59781E55532000B5F24B /* TestSwiftViewController.swift in Sources */ = {isa = PBXBuildFile; fileRef = 43BA59771E55532000B5F24B /* TestSwiftViewController.swift */; };
		43D3D37B1D4F569D00EA9233 /* NSNotificationCenter+LXMBlock.m in Sources */ = {isa = PBXBuildFile; fileRef = 43D3D37A1D4F569D00EA9233 /* NSNotificationCenter+LXMBlock.m */; };
		F6724BD21D27EEAA00238FAE /* UIGestureRecognizer+LXMBlock.m in Sources */ = {isa = PBXBuildFile; fileRef = F6724BD11D27EEAA00238FAE /* UIGestureRecognizer+LXMBlock.m */; };
/* End PBXBuildFile section */

/* Begin PBXFileReference section */
		43734ECF1D27D733004C5563 /* xianhua.png */ = {isa = PBXFileReference; lastKnownFileType = image.png; path = xianhua.png; sourceTree = "<group>"; };
		437416E21D19355F00D7212F /* LXMBlockKitDemo.app */ = {isa = PBXFileReference; explicitFileType = wrapper.application; includeInIndex = 0; path = LXMBlockKitDemo.app; sourceTree = BUILT_PRODUCTS_DIR; };
		437416E61D19355F00D7212F /* main.m */ = {isa = PBXFileReference; lastKnownFileType = sourcecode.c.objc; path = main.m; sourceTree = "<group>"; };
		437416E81D19355F00D7212F /* AppDelegate.h */ = {isa = PBXFileReference; lastKnownFileType = sourcecode.c.h; path = AppDelegate.h; sourceTree = "<group>"; };
		437416E91D19355F00D7212F /* AppDelegate.m */ = {isa = PBXFileReference; lastKnownFileType = sourcecode.c.objc; path = AppDelegate.m; sourceTree = "<group>"; };
		437416EB1D19355F00D7212F /* ViewController.h */ = {isa = PBXFileReference; lastKnownFileType = sourcecode.c.h; path = ViewController.h; sourceTree = "<group>"; };
		437416EC1D19355F00D7212F /* ViewController.m */ = {isa = PBXFileReference; lastKnownFileType = sourcecode.c.objc; path = ViewController.m; sourceTree = "<group>"; };
		437416EF1D19355F00D7212F /* Base */ = {isa = PBXFileReference; lastKnownFileType = file.storyboard; name = Base; path = Base.lproj/Main.storyboard; sourceTree = "<group>"; };
		437416F11D19355F00D7212F /* Assets.xcassets */ = {isa = PBXFileReference; lastKnownFileType = folder.assetcatalog; path = Assets.xcassets; sourceTree = "<group>"; };
		437416F41D19355F00D7212F /* Base */ = {isa = PBXFileReference; lastKnownFileType = file.storyboard; name = Base; path = Base.lproj/LaunchScreen.storyboard; sourceTree = "<group>"; };
		437416F61D19355F00D7212F /* Info.plist */ = {isa = PBXFileReference; lastKnownFileType = text.plist.xml; path = Info.plist; sourceTree = "<group>"; };
		437416FD1D19359600D7212F /* LXMBlockKit.h */ = {isa = PBXFileReference; lastKnownFileType = sourcecode.c.h; path = LXMBlockKit.h; sourceTree = "<group>"; };
		437416FE1D1935B600D7212F /* UIButton+LXMBlock.h */ = {isa = PBXFileReference; fileEncoding = 4; lastKnownFileType = sourcecode.c.h; path = "UIButton+LXMBlock.h"; sourceTree = "<group>"; };
		437416FF1D1935B600D7212F /* UIButton+LXMBlock.m */ = {isa = PBXFileReference; fileEncoding = 4; lastKnownFileType = sourcecode.c.objc; path = "UIButton+LXMBlock.m"; sourceTree = "<group>"; };
		437417011D1938A400D7212F /* UIBarButtonItem+LXMBlock.h */ = {isa = PBXFileReference; fileEncoding = 4; lastKnownFileType = sourcecode.c.h; path = "UIBarButtonItem+LXMBlock.h"; sourceTree = "<group>"; };
		437417021D1938A400D7212F /* UIBarButtonItem+LXMBlock.m */ = {isa = PBXFileReference; fileEncoding = 4; lastKnownFileType = sourcecode.c.objc; path = "UIBarButtonItem+LXMBlock.m"; sourceTree = "<group>"; };
		43BA59761E55532000B5F24B /* LXMBlockKitDemo-Bridging-Header.h */ = {isa = PBXFileReference; lastKnownFileType = sourcecode.c.h; path = "LXMBlockKitDemo-Bridging-Header.h"; sourceTree = "<group>"; };
		43BA59771E55532000B5F24B /* TestSwiftViewController.swift */ = {isa = PBXFileReference; fileEncoding = 4; lastKnownFileType = sourcecode.swift; path = TestSwiftViewController.swift; sourceTree = "<group>"; };
		43D3D3791D4F569D00EA9233 /* NSNotificationCenter+LXMBlock.h */ = {isa = PBXFileReference; fileEncoding = 4; lastKnownFileType = sourcecode.c.h; path = "NSNotificationCenter+LXMBlock.h"; sourceTree = "<group>"; };
		43D3D37A1D4F569D00EA9233 /* NSNotificationCenter+LXMBlock.m */ = {isa = PBXFileReference; fileEncoding = 4; lastKnownFileType = sourcecode.c.objc; path = "NSNotificationCenter+LXMBlock.m"; sourceTree = "<group>"; };
		F6724BD01D27EEAA00238FAE /* UIGestureRecognizer+LXMBlock.h */ = {isa = PBXFileReference; fileEncoding = 4; lastKnownFileType = sourcecode.c.h; path = "UIGestureRecognizer+LXMBlock.h"; sourceTree = "<group>"; };
		F6724BD11D27EEAA00238FAE /* UIGestureRecognizer+LXMBlock.m */ = {isa = PBXFileReference; fileEncoding = 4; lastKnownFileType = sourcecode.c.objc; path = "UIGestureRecognizer+LXMBlock.m"; sourceTree = "<group>"; };
/* End PBXFileReference section */

/* Begin PBXFrameworksBuildPhase section */
		437416DF1D19355F00D7212F /* Frameworks */ = {
			isa = PBXFrameworksBuildPhase;
			buildActionMask = 2147483647;
			files = (
			);
			runOnlyForDeploymentPostprocessing = 0;
		};
/* End PBXFrameworksBuildPhase section */

/* Begin PBXGroup section */
		437416D91D19355F00D7212F = {
			isa = PBXGroup;
			children = (
				437416E41D19355F00D7212F /* LXMBlockKitDemo */,
				437416E31D19355F00D7212F /* Products */,
			);
			sourceTree = "<group>";
		};
		437416E31D19355F00D7212F /* Products */ = {
			isa = PBXGroup;
			children = (
				437416E21D19355F00D7212F /* LXMBlockKitDemo.app */,
			);
			name = Products;
			sourceTree = "<group>";
		};
		437416E41D19355F00D7212F /* LXMBlockKitDemo */ = {
			isa = PBXGroup;
			children = (
				437416FC1D19358400D7212F /* LXMBlockKit */,
				437416E81D19355F00D7212F /* AppDelegate.h */,
				437416E91D19355F00D7212F /* AppDelegate.m */,
				437416EB1D19355F00D7212F /* ViewController.h */,
				437416EC1D19355F00D7212F /* ViewController.m */,
				43BA59771E55532000B5F24B /* TestSwiftViewController.swift */,
				437416EE1D19355F00D7212F /* Main.storyboard */,
				43734ECF1D27D733004C5563 /* xianhua.png */,
				437416F11D19355F00D7212F /* Assets.xcassets */,
				437416F31D19355F00D7212F /* LaunchScreen.storyboard */,
				437416F61D19355F00D7212F /* Info.plist */,
				437416E51D19355F00D7212F /* Supporting Files */,
				43BA59761E55532000B5F24B /* LXMBlockKitDemo-Bridging-Header.h */,
			);
			path = LXMBlockKitDemo;
			sourceTree = "<group>";
		};
		437416E51D19355F00D7212F /* Supporting Files */ = {
			isa = PBXGroup;
			children = (
				437416E61D19355F00D7212F /* main.m */,
			);
			name = "Supporting Files";
			sourceTree = "<group>";
		};
		437416FC1D19358400D7212F /* LXMBlockKit */ = {
			isa = PBXGroup;
			children = (
				437416FD1D19359600D7212F /* LXMBlockKit.h */,
				437416FE1D1935B600D7212F /* UIButton+LXMBlock.h */,
				437416FF1D1935B600D7212F /* UIButton+LXMBlock.m */,
				437417011D1938A400D7212F /* UIBarButtonItem+LXMBlock.h */,
				437417021D1938A400D7212F /* UIBarButtonItem+LXMBlock.m */,
				F6724BD01D27EEAA00238FAE /* UIGestureRecognizer+LXMBlock.h */,
				F6724BD11D27EEAA00238FAE /* UIGestureRecognizer+LXMBlock.m */,
				43D3D3791D4F569D00EA9233 /* NSNotificationCenter+LXMBlock.h */,
				43D3D37A1D4F569D00EA9233 /* NSNotificationCenter+LXMBlock.m */,
			);
			path = LXMBlockKit;
			sourceTree = "<group>";
		};
/* End PBXGroup section */

/* Begin PBXNativeTarget section */
		437416E11D19355F00D7212F /* LXMBlockKitDemo */ = {
			isa = PBXNativeTarget;
			buildConfigurationList = 437416F91D19355F00D7212F /* Build configuration list for PBXNativeTarget "LXMBlockKitDemo" */;
			buildPhases = (
				437416DE1D19355F00D7212F /* Sources */,
				437416DF1D19355F00D7212F /* Frameworks */,
				437416E01D19355F00D7212F /* Resources */,
			);
			buildRules = (
			);
			dependencies = (
			);
			name = LXMBlockKitDemo;
			productName = LXMBlockKitDemo;
			productReference = 437416E21D19355F00D7212F /* LXMBlockKitDemo.app */;
			productType = "com.apple.product-type.application";
		};
/* End PBXNativeTarget section */

/* Begin PBXProject section */
		437416DA1D19355F00D7212F /* Project object */ = {
			isa = PBXProject;
			attributes = {
				LastUpgradeCheck = 0820;
				ORGANIZATIONNAME = luxiaoming;
				TargetAttributes = {
					437416E11D19355F00D7212F = {
						CreatedOnToolsVersion = 7.3.1;
						LastSwiftMigration = 0820;
					};
				};
			};
			buildConfigurationList = 437416DD1D19355F00D7212F /* Build configuration list for PBXProject "LXMBlockKitDemo" */;
			compatibilityVersion = "Xcode 3.2";
			developmentRegion = English;
			hasScannedForEncodings = 0;
			knownRegions = (
				en,
				Base,
			);
			mainGroup = 437416D91D19355F00D7212F;
			productRefGroup = 437416E31D19355F00D7212F /* Products */;
			projectDirPath = "";
			projectRoot = "";
			targets = (
				437416E11D19355F00D7212F /* LXMBlockKitDemo */,
			);
		};
/* End PBXProject section */

/* Begin PBXResourcesBuildPhase section */
		437416E01D19355F00D7212F /* Resources */ = {
			isa = PBXResourcesBuildPhase;
			buildActionMask = 2147483647;
			files = (
				43734ED01D27D733004C5563 /* xianhua.png in Resources */,
				437416F51D19355F00D7212F /* LaunchScreen.storyboard in Resources */,
				437416F21D19355F00D7212F /* Assets.xcassets in Resources */,
				437416F01D19355F00D7212F /* Main.storyboard in Resources */,
			);
			runOnlyForDeploymentPostprocessing = 0;
		};
/* End PBXResourcesBuildPhase section */

/* Begin PBXSourcesBuildPhase section */
		437416DE1D19355F00D7212F /* Sources */ = {
			isa = PBXSourcesBuildPhase;
			buildActionMask = 2147483647;
			files = (
				437417031D1938A400D7212F /* UIBarButtonItem+LXMBlock.m in Sources */,
				43D3D37B1D4F569D00EA9233 /* NSNotificationCenter+LXMBlock.m in Sources */,
				F6724BD21D27EEAA00238FAE /* UIGestureRecognizer+LXMBlock.m in Sources */,
				437416ED1D19355F00D7212F /* ViewController.m in Sources */,
				43BA59781E55532000B5F24B /* TestSwiftViewController.swift in Sources */,
				437416EA1D19355F00D7212F /* AppDelegate.m in Sources */,
				437416E71D19355F00D7212F /* main.m in Sources */,
				437417001D1935B600D7212F /* UIButton+LXMBlock.m in Sources */,
			);
			runOnlyForDeploymentPostprocessing = 0;
		};
/* End PBXSourcesBuildPhase section */

/* Begin PBXVariantGroup section */
		437416EE1D19355F00D7212F /* Main.storyboard */ = {
			isa = PBXVariantGroup;
			children = (
				437416EF1D19355F00D7212F /* Base */,
			);
			name = Main.storyboard;
			sourceTree = "<group>";
		};
		437416F31D19355F00D7212F /* LaunchScreen.storyboard */ = {
			isa = PBXVariantGroup;
			children = (
				437416F41D19355F00D7212F /* Base */,
			);
			name = LaunchScreen.storyboard;
			sourceTree = "<group>";
		};
/* End PBXVariantGroup section */

/* Begin XCBuildConfiguration section */
		437416F71D19355F00D7212F /* Debug */ = {
			isa = XCBuildConfiguration;
			buildSettings = {
				ALWAYS_SEARCH_USER_PATHS = NO;
				CLANG_ANALYZER_NONNULL = YES;
				CLANG_CXX_LANGUAGE_STANDARD = "gnu++0x";
				CLANG_CXX_LIBRARY = "libc++";
				CLANG_ENABLE_MODULES = YES;
				CLANG_ENABLE_OBJC_ARC = YES;
				CLANG_WARN_BOOL_CONVERSION = YES;
				CLANG_WARN_CONSTANT_CONVERSION = YES;
				CLANG_WARN_DIRECT_OBJC_ISA_USAGE = YES_ERROR;
				CLANG_WARN_EMPTY_BODY = YES;
				CLANG_WARN_ENUM_CONVERSION = YES;
				CLANG_WARN_INFINITE_RECURSION = YES;
				CLANG_WARN_INT_CONVERSION = YES;
				CLANG_WARN_OBJC_ROOT_CLASS = YES_ERROR;
				CLANG_WARN_SUSPICIOUS_MOVE = YES;
				CLANG_WARN_UNREACHABLE_CODE = YES;
				CLANG_WARN__DUPLICATE_METHOD_MATCH = YES;
				"CODE_SIGN_IDENTITY[sdk=iphoneos*]" = "iPhone Developer";
				COPY_PHASE_STRIP = NO;
				DEBUG_INFORMATION_FORMAT = dwarf;
				ENABLE_STRICT_OBJC_MSGSEND = YES;
				ENABLE_TESTABILITY = YES;
				GCC_C_LANGUAGE_STANDARD = gnu99;
				GCC_DYNAMIC_NO_PIC = NO;
				GCC_NO_COMMON_BLOCKS = YES;
				GCC_OPTIMIZATION_LEVEL = 0;
				GCC_PREPROCESSOR_DEFINITIONS = (
					"DEBUG=1",
					"$(inherited)",
				);
				GCC_WARN_64_TO_32_BIT_CONVERSION = YES;
				GCC_WARN_ABOUT_RETURN_TYPE = YES_ERROR;
				GCC_WARN_UNDECLARED_SELECTOR = YES;
				GCC_WARN_UNINITIALIZED_AUTOS = YES_AGGRESSIVE;
				GCC_WARN_UNUSED_FUNCTION = YES;
				GCC_WARN_UNUSED_VARIABLE = YES;
				IPHONEOS_DEPLOYMENT_TARGET = 9.3;
				MTL_ENABLE_DEBUG_INFO = YES;
				ONLY_ACTIVE_ARCH = YES;
				SDKROOT = iphoneos;
			};
			name = Debug;
		};
		437416F81D19355F00D7212F /* Release */ = {
			isa = XCBuildConfiguration;
			buildSettings = {
				ALWAYS_SEARCH_USER_PATHS = NO;
				CLANG_ANALYZER_NONNULL = YES;
				CLANG_CXX_LANGUAGE_STANDARD = "gnu++0x";
				CLANG_CXX_LIBRARY = "libc++";
				CLANG_ENABLE_MODULES = YES;
				CLANG_ENABLE_OBJC_ARC = YES;
				CLANG_WARN_BOOL_CONVERSION = YES;
				CLANG_WARN_CONSTANT_CONVERSION = YES;
				CLANG_WARN_DIRECT_OBJC_ISA_USAGE = YES_ERROR;
				CLANG_WARN_EMPTY_BODY = YES;
				CLANG_WARN_ENUM_CONVERSION = YES;
				CLANG_WARN_INFINITE_RECURSION = YES;
				CLANG_WARN_INT_CONVERSION = YES;
				CLANG_WARN_OBJC_ROOT_CLASS = YES_ERROR;
				CLANG_WARN_SUSPICIOUS_MOVE = YES;
				CLANG_WARN_UNREACHABLE_CODE = YES;
				CLANG_WARN__DUPLICATE_METHOD_MATCH = YES;
				"CODE_SIGN_IDENTITY[sdk=iphoneos*]" = "iPhone Developer";
				COPY_PHASE_STRIP = NO;
				DEBUG_INFORMATION_FORMAT = "dwarf-with-dsym";
				ENABLE_NS_ASSERTIONS = NO;
				ENABLE_STRICT_OBJC_MSGSEND = YES;
				GCC_C_LANGUAGE_STANDARD = gnu99;
				GCC_NO_COMMON_BLOCKS = YES;
				GCC_WARN_64_TO_32_BIT_CONVERSION = YES;
				GCC_WARN_ABOUT_RETURN_TYPE = YES_ERROR;
				GCC_WARN_UNDECLARED_SELECTOR = YES;
				GCC_WARN_UNINITIALIZED_AUTOS = YES_AGGRESSIVE;
				GCC_WARN_UNUSED_FUNCTION = YES;
				GCC_WARN_UNUSED_VARIABLE = YES;
				IPHONEOS_DEPLOYMENT_TARGET = 9.3;
				MTL_ENABLE_DEBUG_INFO = NO;
				SDKROOT = iphoneos;
				SWIFT_OPTIMIZATION_LEVEL = "-Owholemodule";
				VALIDATE_PRODUCT = YES;
			};
			name = Release;
		};
		437416FA1D19355F00D7212F /* Debug */ = {
			isa = XCBuildConfiguration;
			buildSettings = {
				ASSETCATALOG_COMPILER_APPICON_NAME = AppIcon;
				CLANG_ENABLE_MODULES = YES;
				INFOPLIST_FILE = LXMBlockKitDemo/Info.plist;
				IPHONEOS_DEPLOYMENT_TARGET = 8.0;
				LD_RUNPATH_SEARCH_PATHS = "$(inherited) @executable_path/Frameworks";
				PRODUCT_BUNDLE_IDENTIFIER = com.ouj.LXMBlockKitDemo;
				PRODUCT_NAME = "$(TARGET_NAME)";
				SWIFT_OBJC_BRIDGING_HEADER = "LXMBlockKitDemo/LXMBlockKitDemo-Bridging-Header.h";
				SWIFT_OPTIMIZATION_LEVEL = "-Onone";
				SWIFT_VERSION = 3.0;
			};
			name = Debug;
		};
		437416FB1D19355F00D7212F /* Release */ = {
			isa = XCBuildConfiguration;
			buildSettings = {
				ASSETCATALOG_COMPILER_APPICON_NAME = AppIcon;
				CLANG_ENABLE_MODULES = YES;
				INFOPLIST_FILE = LXMBlockKitDemo/Info.plist;
				IPHONEOS_DEPLOYMENT_TARGET = 8.0;
				LD_RUNPATH_SEARCH_PATHS = "$(inherited) @executable_path/Frameworks";
				PRODUCT_BUNDLE_IDENTIFIER = com.ouj.LXMBlockKitDemo;
				PRODUCT_NAME = "$(TARGET_NAME)";
				SWIFT_OBJC_BRIDGING_HEADER = "LXMBlockKitDemo/LXMBlockKitDemo-Bridging-Header.h";
				SWIFT_VERSION = 3.0;
			};
			name = Release;
		};
/* End XCBuildConfiguration section */

/* Begin XCConfigurationList section */
		437416DD1D19355F00D7212F /* Build configuration list for PBXProject "LXMBlockKitDemo" */ = {
			isa = XCConfigurationList;
			buildConfigurations = (
				437416F71D19355F00D7212F /* Debug */,
				437416F81D19355F00D7212F /* Release */,
			);
			defaultConfigurationIsVisible = 0;
			defaultConfigurationName = Release;
		};
		437416F91D19355F00D7212F /* Build configuration list for PBXNativeTarget "LXMBlockKitDemo" */ = {
			isa = XCConfigurationList;
			buildConfigurations = (
				437416FA1D19355F00D7212F /* Debug */,
				437416FB1D19355F00D7212F /* Release */,
			);
			defaultConfigurationIsVisible = 0;
			defaultConfigurationName = Release;
		};
/* End XCConfigurationList section */
	};
	rootObject = 437416DA1D19355F00D7212F /* Project object */;
}
